// !$*UTF8*$!
{
	archiveVersion = 1;
	classes = {
	};
	objectVersion = 46;
	objects = {

/* Begin PBXBuildFile section */
		4E3E32CD1978D607009D0E88 /* Foundation.framework in Frameworks */ = {isa = PBXBuildFile; fileRef = 4E3E32CC1978D607009D0E88 /* Foundation.framework */; };
		4E3E32CF1978D607009D0E88 /* CoreGraphics.framework in Frameworks */ = {isa = PBXBuildFile; fileRef = 4E3E32CE1978D607009D0E88 /* CoreGraphics.framework */; };
		4E3E32D11978D607009D0E88 /* UIKit.framework in Frameworks */ = {isa = PBXBuildFile; fileRef = 4E3E32D01978D607009D0E88 /* UIKit.framework */; };
		4E3E32D71978D607009D0E88 /* InfoPlist.strings in Resources */ = {isa = PBXBuildFile; fileRef = 4E3E32D51978D607009D0E88 /* InfoPlist.strings */; };
		4E3E32D91978D607009D0E88 /* main.m in Sources */ = {isa = PBXBuildFile; fileRef = 4E3E32D81978D607009D0E88 /* main.m */; };
		4E3E32DD1978D607009D0E88 /* KDJAppDelegate.m in Sources */ = {isa = PBXBuildFile; fileRef = 4E3E32DC1978D607009D0E88 /* KDJAppDelegate.m */; };
		4E3E32E01978D607009D0E88 /* Main_iPhone.storyboard in Resources */ = {isa = PBXBuildFile; fileRef = 4E3E32DE1978D607009D0E88 /* Main_iPhone.storyboard */; };
		4E3E32E31978D607009D0E88 /* Main_iPad.storyboard in Resources */ = {isa = PBXBuildFile; fileRef = 4E3E32E11978D607009D0E88 /* Main_iPad.storyboard */; };
		4E3E32E61978D607009D0E88 /* KDJMasterViewController.m in Sources */ = {isa = PBXBuildFile; fileRef = 4E3E32E51978D607009D0E88 /* KDJMasterViewController.m */; };
		4E3E32E91978D607009D0E88 /* KDJDetailViewController.m in Sources */ = {isa = PBXBuildFile; fileRef = 4E3E32E81978D607009D0E88 /* KDJDetailViewController.m */; };
		4E3E32EB1978D607009D0E88 /* Images.xcassets in Resources */ = {isa = PBXBuildFile; fileRef = 4E3E32EA1978D607009D0E88 /* Images.xcassets */; };
		4E3E32F21978D608009D0E88 /* XCTest.framework in Frameworks */ = {isa = PBXBuildFile; fileRef = 4E3E32F11978D608009D0E88 /* XCTest.framework */; };
		4E3E32F31978D608009D0E88 /* Foundation.framework in Frameworks */ = {isa = PBXBuildFile; fileRef = 4E3E32CC1978D607009D0E88 /* Foundation.framework */; };
		4E3E32F41978D608009D0E88 /* UIKit.framework in Frameworks */ = {isa = PBXBuildFile; fileRef = 4E3E32D01978D607009D0E88 /* UIKit.framework */; };
		4E3E32FC1978D608009D0E88 /* InfoPlist.strings in Resources */ = {isa = PBXBuildFile; fileRef = 4E3E32FA1978D608009D0E88 /* InfoPlist.strings */; };
		4E3E32FE1978D608009D0E88 /* KDJEmptySplitViewAppTests.m in Sources */ = {isa = PBXBuildFile; fileRef = 4E3E32FD1978D608009D0E88 /* KDJEmptySplitViewAppTests.m */; };
/* End PBXBuildFile section */

/* Begin PBXContainerItemProxy section */
		4E3E32F51978D608009D0E88 /* PBXContainerItemProxy */ = {
			isa = PBXContainerItemProxy;
			containerPortal = 4E3E32C11978D607009D0E88 /* Project object */;
			proxyType = 1;
			remoteGlobalIDString = 4E3E32C81978D607009D0E88;
			remoteInfo = KDJEmptySplitViewApp;
		};
/* End PBXContainerItemProxy section */

/* Begin PBXFileReference section */
		4E3E32C91978D607009D0E88 /* KDJEmptySplitViewApp.app */ = {isa = PBXFileReference; explicitFileType = wrapper.application; includeInIndex = 0; path = KDJEmptySplitViewApp.app; sourceTree = BUILT_PRODUCTS_DIR; };
		4E3E32CC1978D607009D0E88 /* Foundation.framework */ = {isa = PBXFileReference; lastKnownFileType = wrapper.framework; name = Foundation.framework; path = System/Library/Frameworks/Foundation.framework; sourceTree = SDKROOT; };
		4E3E32CE1978D607009D0E88 /* CoreGraphics.framework */ = {isa = PBXFileReference; lastKnownFileType = wrapper.framework; name = CoreGraphics.framework; path = System/Library/Frameworks/CoreGraphics.framework; sourceTree = SDKROOT; };
		4E3E32D01978D607009D0E88 /* UIKit.framework */ = {isa = PBXFileReference; lastKnownFileType = wrapper.framework; name = UIKit.framework; path = System/Library/Frameworks/UIKit.framework; sourceTree = SDKROOT; };
		4E3E32D41978D607009D0E88 /* KDJEmptySplitViewApp-Info.plist */ = {isa = PBXFileReference; lastKnownFileType = text.plist.xml; path = "KDJEmptySplitViewApp-Info.plist"; sourceTree = "<group>"; };
		4E3E32D61978D607009D0E88 /* en */ = {isa = PBXFileReference; lastKnownFileType = text.plist.strings; name = en; path = en.lproj/InfoPlist.strings; sourceTree = "<group>"; };
		4E3E32D81978D607009D0E88 /* main.m */ = {isa = PBXFileReference; lastKnownFileType = sourcecode.c.objc; path = main.m; sourceTree = "<group>"; };
		4E3E32DA1978D607009D0E88 /* KDJEmptySplitViewApp-Prefix.pch */ = {isa = PBXFileReference; lastKnownFileType = sourcecode.c.h; path = "KDJEmptySplitViewApp-Prefix.pch"; sourceTree = "<group>"; };
		4E3E32DB1978D607009D0E88 /* KDJAppDelegate.h */ = {isa = PBXFileReference; lastKnownFileType = sourcecode.c.h; path = KDJAppDelegate.h; sourceTree = "<group>"; };
		4E3E32DC1978D607009D0E88 /* KDJAppDelegate.m */ = {isa = PBXFileReference; lastKnownFileType = sourcecode.c.objc; path = KDJAppDelegate.m; sourceTree = "<group>"; };
		4E3E32DF1978D607009D0E88 /* Base */ = {isa = PBXFileReference; lastKnownFileType = file.storyboard; name = Base; path = Base.lproj/Main_iPhone.storyboard; sourceTree = "<group>"; };
		4E3E32E21978D607009D0E88 /* Base */ = {isa = PBXFileReference; lastKnownFileType = file.storyboard; name = Base; path = Base.lproj/Main_iPad.storyboard; sourceTree = "<group>"; };
		4E3E32E41978D607009D0E88 /* KDJMasterViewController.h */ = {isa = PBXFileReference; lastKnownFileType = sourcecode.c.h; path = KDJMasterViewController.h; sourceTree = "<group>"; };
		4E3E32E51978D607009D0E88 /* KDJMasterViewController.m */ = {isa = PBXFileReference; lastKnownFileType = sourcecode.c.objc; path = KDJMasterViewController.m; sourceTree = "<group>"; };
		4E3E32E71978D607009D0E88 /* KDJDetailViewController.h */ = {isa = PBXFileReference; lastKnownFileType = sourcecode.c.h; path = KDJDetailViewController.h; sourceTree = "<group>"; };
		4E3E32E81978D607009D0E88 /* KDJDetailViewController.m */ = {isa = PBXFileReference; lastKnownFileType = sourcecode.c.objc; path = KDJDetailViewController.m; sourceTree = "<group>"; };
		4E3E32EA1978D607009D0E88 /* Images.xcassets */ = {isa = PBXFileReference; lastKnownFileType = folder.assetcatalog; path = Images.xcassets; sourceTree = "<group>"; };
		4E3E32F01978D608009D0E88 /* KDJEmptySplitViewAppTests.xctest */ = {isa = PBXFileReference; explicitFileType = wrapper.cfbundle; includeInIndex = 0; path = KDJEmptySplitViewAppTests.xctest; sourceTree = BUILT_PRODUCTS_DIR; };
		4E3E32F11978D608009D0E88 /* XCTest.framework */ = {isa = PBXFileReference; lastKnownFileType = wrapper.framework; name = XCTest.framework; path = Library/Frameworks/XCTest.framework; sourceTree = DEVELOPER_DIR; };
		4E3E32F91978D608009D0E88 /* KDJEmptySplitViewAppTests-Info.plist */ = {isa = PBXFileReference; lastKnownFileType = text.plist.xml; path = "KDJEmptySplitViewAppTests-Info.plist"; sourceTree = "<group>"; };
		4E3E32FB1978D608009D0E88 /* en */ = {isa = PBXFileReference; lastKnownFileType = text.plist.strings; name = en; path = en.lproj/InfoPlist.strings; sourceTree = "<group>"; };
		4E3E32FD1978D608009D0E88 /* KDJEmptySplitViewAppTests.m */ = {isa = PBXFileReference; lastKnownFileType = sourcecode.c.objc; path = KDJEmptySplitViewAppTests.m; sourceTree = "<group>"; };
/* End PBXFileReference section */

/* Begin PBXFrameworksBuildPhase section */
		4E3E32C61978D607009D0E88 /* Frameworks */ = {
			isa = PBXFrameworksBuildPhase;
			buildActionMask = 2147483647;
			files = (
				4E3E32CF1978D607009D0E88 /* CoreGraphics.framework in Frameworks */,
				4E3E32D11978D607009D0E88 /* UIKit.framework in Frameworks */,
				4E3E32CD1978D607009D0E88 /* Foundation.framework in Frameworks */,
			);
			runOnlyForDeploymentPostprocessing = 0;
		};
		4E3E32ED1978D608009D0E88 /* Frameworks */ = {
			isa = PBXFrameworksBuildPhase;
			buildActionMask = 2147483647;
			files = (
				4E3E32F21978D608009D0E88 /* XCTest.framework in Frameworks */,
				4E3E32F41978D608009D0E88 /* UIKit.framework in Frameworks */,
				4E3E32F31978D608009D0E88 /* Foundation.framework in Frameworks */,
			);
			runOnlyForDeploymentPostprocessing = 0;
		};
/* End PBXFrameworksBuildPhase section */

/* Begin PBXGroup section */
		4E3E32C01978D607009D0E88 = {
			isa = PBXGroup;
			children = (
				4E3E32D21978D607009D0E88 /* KDJEmptySplitViewApp */,
				4E3E32F71978D608009D0E88 /* KDJEmptySplitViewAppTests */,
				4E3E32CB1978D607009D0E88 /* Frameworks */,
				4E3E32CA1978D607009D0E88 /* Products */,
			);
			sourceTree = "<group>";
		};
		4E3E32CA1978D607009D0E88 /* Products */ = {
			isa = PBXGroup;
			children = (
				4E3E32C91978D607009D0E88 /* KDJEmptySplitViewApp.app */,
				4E3E32F01978D608009D0E88 /* KDJEmptySplitViewAppTests.xctest */,
			);
			name = Products;
			sourceTree = "<group>";
		};
		4E3E32CB1978D607009D0E88 /* Frameworks */ = {
			isa = PBXGroup;
			children = (
				4E3E32CC1978D607009D0E88 /* Foundation.framework */,
				4E3E32CE1978D607009D0E88 /* CoreGraphics.framework */,
				4E3E32D01978D607009D0E88 /* UIKit.framework */,
				4E3E32F11978D608009D0E88 /* XCTest.framework */,
			);
			name = Frameworks;
			sourceTree = "<group>";
		};
		4E3E32D21978D607009D0E88 /* KDJEmptySplitViewApp */ = {
			isa = PBXGroup;
			children = (
				4E3E32DB1978D607009D0E88 /* KDJAppDelegate.h */,
				4E3E32DC1978D607009D0E88 /* KDJAppDelegate.m */,
				4E3E32DE1978D607009D0E88 /* Main_iPhone.storyboard */,
				4E3E32E11978D607009D0E88 /* Main_iPad.storyboard */,
				4E3E32E41978D607009D0E88 /* KDJMasterViewController.h */,
				4E3E32E51978D607009D0E88 /* KDJMasterViewController.m */,
				4E3E32E71978D607009D0E88 /* KDJDetailViewController.h */,
				4E3E32E81978D607009D0E88 /* KDJDetailViewController.m */,
				4E3E32EA1978D607009D0E88 /* Images.xcassets */,
				4E3E32D31978D607009D0E88 /* Supporting Files */,
			);
			path = KDJEmptySplitViewApp;
			sourceTree = "<group>";
		};
		4E3E32D31978D607009D0E88 /* Supporting Files */ = {
			isa = PBXGroup;
			children = (
				4E3E32D41978D607009D0E88 /* KDJEmptySplitViewApp-Info.plist */,
				4E3E32D51978D607009D0E88 /* InfoPlist.strings */,
				4E3E32D81978D607009D0E88 /* main.m */,
				4E3E32DA1978D607009D0E88 /* KDJEmptySplitViewApp-Prefix.pch */,
			);
			name = "Supporting Files";
			sourceTree = "<group>";
		};
		4E3E32F71978D608009D0E88 /* KDJEmptySplitViewAppTests */ = {
			isa = PBXGroup;
			children = (
				4E3E32FD1978D608009D0E88 /* KDJEmptySplitViewAppTests.m */,
				4E3E32F81978D608009D0E88 /* Supporting Files */,
			);
			path = KDJEmptySplitViewAppTests;
			sourceTree = "<group>";
		};
		4E3E32F81978D608009D0E88 /* Supporting Files */ = {
			isa = PBXGroup;
			children = (
				4E3E32F91978D608009D0E88 /* KDJEmptySplitViewAppTests-Info.plist */,
				4E3E32FA1978D608009D0E88 /* InfoPlist.strings */,
			);
			name = "Supporting Files";
			sourceTree = "<group>";
		};
/* End PBXGroup section */

/* Begin PBXNativeTarget section */
		4E3E32C81978D607009D0E88 /* KDJEmptySplitViewApp */ = {
			isa = PBXNativeTarget;
			buildConfigurationList = 4E3E33011978D608009D0E88 /* Build configuration list for PBXNativeTarget "KDJEmptySplitViewApp" */;
			buildPhases = (
				4E3E32C51978D607009D0E88 /* Sources */,
				4E3E32C61978D607009D0E88 /* Frameworks */,
				4E3E32C71978D607009D0E88 /* Resources */,
			);
			buildRules = (
			);
			dependencies = (
			);
			name = KDJEmptySplitViewApp;
			productName = KDJEmptySplitViewApp;
			productReference = 4E3E32C91978D607009D0E88 /* KDJEmptySplitViewApp.app */;
			productType = "com.apple.product-type.application";
		};
		4E3E32EF1978D608009D0E88 /* KDJEmptySplitViewAppTests */ = {
			isa = PBXNativeTarget;
			buildConfigurationList = 4E3E33041978D608009D0E88 /* Build configuration list for PBXNativeTarget "KDJEmptySplitViewAppTests" */;
			buildPhases = (
				4E3E32EC1978D608009D0E88 /* Sources */,
				4E3E32ED1978D608009D0E88 /* Frameworks */,
				4E3E32EE1978D608009D0E88 /* Resources */,
			);
			buildRules = (
			);
			dependencies = (
				4E3E32F61978D608009D0E88 /* PBXTargetDependency */,
			);
			name = KDJEmptySplitViewAppTests;
			productName = KDJEmptySplitViewAppTests;
			productReference = 4E3E32F01978D608009D0E88 /* KDJEmptySplitViewAppTests.xctest */;
			productType = "com.apple.product-type.bundle.unit-test";
		};
/* End PBXNativeTarget section */

/* Begin PBXProject section */
		4E3E32C11978D607009D0E88 /* Project object */ = {
			isa = PBXProject;
			attributes = {
				CLASSPREFIX = KDJ;
				LastUpgradeCheck = 0510;
				ORGANIZATIONNAME = "Kristopher Johnson";
				TargetAttributes = {
					4E3E32EF1978D608009D0E88 = {
						TestTargetID = 4E3E32C81978D607009D0E88;
					};
				};
			};
			buildConfigurationList = 4E3E32C41978D607009D0E88 /* Build configuration list for PBXProject "KDJEmptySplitViewApp" */;
			compatibilityVersion = "Xcode 3.2";
			developmentRegion = English;
			hasScannedForEncodings = 0;
			knownRegions = (
				en,
				Base,
			);
			mainGroup = 4E3E32C01978D607009D0E88;
			productRefGroup = 4E3E32CA1978D607009D0E88 /* Products */;
			projectDirPath = "";
			projectRoot = "";
			targets = (
				4E3E32C81978D607009D0E88 /* KDJEmptySplitViewApp */,
				4E3E32EF1978D608009D0E88 /* KDJEmptySplitViewAppTests */,
			);
		};
/* End PBXProject section */

/* Begin PBXResourcesBuildPhase section */
		4E3E32C71978D607009D0E88 /* Resources */ = {
			isa = PBXResourcesBuildPhase;
			buildActionMask = 2147483647;
			files = (
				4E3E32E31978D607009D0E88 /* Main_iPad.storyboard in Resources */,
				4E3E32EB1978D607009D0E88 /* Images.xcassets in Resources */,
				4E3E32E01978D607009D0E88 /* Main_iPhone.storyboard in Resources */,
				4E3E32D71978D607009D0E88 /* InfoPlist.strings in Resources */,
			);
			runOnlyForDeploymentPostprocessing = 0;
		};
		4E3E32EE1978D608009D0E88 /* Resources */ = {
			isa = PBXResourcesBuildPhase;
			buildActionMask = 2147483647;
			files = (
				4E3E32FC1978D608009D0E88 /* InfoPlist.strings in Resources */,
			);
			runOnlyForDeploymentPostprocessing = 0;
		};
/* End PBXResourcesBuildPhase section */

/* Begin PBXSourcesBuildPhase section */
		4E3E32C51978D607009D0E88 /* Sources */ = {
			isa = PBXSourcesBuildPhase;
			buildActionMask = 2147483647;
			files = (
				4E3E32DD1978D607009D0E88 /* KDJAppDelegate.m in Sources */,
				4E3E32D91978D607009D0E88 /* main.m in Sources */,
				4E3E32E61978D607009D0E88 /* KDJMasterViewController.m in Sources */,
				4E3E32E91978D607009D0E88 /* KDJDetailViewController.m in Sources */,
			);
			runOnlyForDeploymentPostprocessing = 0;
		};
		4E3E32EC1978D608009D0E88 /* Sources */ = {
			isa = PBXSourcesBuildPhase;
			buildActionMask = 2147483647;
			files = (
				4E3E32FE1978D608009D0E88 /* KDJEmptySplitViewAppTests.m in Sources */,
			);
			runOnlyForDeploymentPostprocessing = 0;
		};
/* End PBXSourcesBuildPhase section */

/* Begin PBXTargetDependency section */
		4E3E32F61978D608009D0E88 /* PBXTargetDependency */ = {
			isa = PBXTargetDependency;
			target = 4E3E32C81978D607009D0E88 /* KDJEmptySplitViewApp */;
			targetProxy = 4E3E32F51978D608009D0E88 /* PBXContainerItemProxy */;
		};
/* End PBXTargetDependency section */

/* Begin PBXVariantGroup section */
		4E3E32D51978D607009D0E88 /* InfoPlist.strings */ = {
			isa = PBXVariantGroup;
			children = (
				4E3E32D61978D607009D0E88 /* en */,
			);
			name = InfoPlist.strings;
			sourceTree = "<group>";
		};
		4E3E32DE1978D607009D0E88 /* Main_iPhone.storyboard */ = {
			isa = PBXVariantGroup;
			children = (
				4E3E32DF1978D607009D0E88 /* Base */,
			);
			name = Main_iPhone.storyboard;
			sourceTree = "<group>";
		};
		4E3E32E11978D607009D0E88 /* Main_iPad.storyboard */ = {
			isa = PBXVariantGroup;
			children = (
				4E3E32E21978D607009D0E88 /* Base */,
			);
			name = Main_iPad.storyboard;
			sourceTree = "<group>";
		};
		4E3E32FA1978D608009D0E88 /* InfoPlist.strings */ = {
			isa = PBXVariantGroup;
			children = (
				4E3E32FB1978D608009D0E88 /* en */,
			);
			name = InfoPlist.strings;
			sourceTree = "<group>";
		};
/* End PBXVariantGroup section */

/* Begin XCBuildConfiguration section */
		4E3E32FF1978D608009D0E88 /* Debug */ = {
			isa = XCBuildConfiguration;
			buildSettings = {
				ALWAYS_SEARCH_USER_PATHS = NO;
				CLANG_CXX_LANGUAGE_STANDARD = "gnu++0x";
				CLANG_CXX_LIBRARY = "libc++";
				CLANG_ENABLE_MODULES = YES;
				CLANG_ENABLE_OBJC_ARC = YES;
				CLANG_WARN_BOOL_CONVERSION = YES;
				CLANG_WARN_CONSTANT_CONVERSION = YES;
				CLANG_WARN_DIRECT_OBJC_ISA_USAGE = YES_ERROR;
				CLANG_WARN_EMPTY_BODY = YES;
				CLANG_WARN_ENUM_CONVERSION = YES;
				CLANG_WARN_INT_CONVERSION = YES;
				CLANG_WARN_OBJC_ROOT_CLASS = YES_ERROR;
				CLANG_WARN__DUPLICATE_METHOD_MATCH = YES;
				"CODE_SIGN_IDENTITY[sdk=iphoneos*]" = "iPhone Developer";
				COPY_PHASE_STRIP = NO;
				GCC_C_LANGUAGE_STANDARD = gnu99;
				GCC_DYNAMIC_NO_PIC = NO;
				GCC_OPTIMIZATION_LEVEL = 0;
				GCC_PREPROCESSOR_DEFINITIONS = (
					"DEBUG=1",
					"$(inherited)",
				);
				GCC_SYMBOLS_PRIVATE_EXTERN = NO;
				GCC_WARN_64_TO_32_BIT_CONVERSION = YES;
				GCC_WARN_ABOUT_RETURN_TYPE = YES_ERROR;
				GCC_WARN_UNDECLARED_SELECTOR = YES;
				GCC_WARN_UNINITIALIZED_AUTOS = YES_AGGRESSIVE;
				GCC_WARN_UNUSED_FUNCTION = YES;
				GCC_WARN_UNUSED_VARIABLE = YES;
				IPHONEOS_DEPLOYMENT_TARGET = 7.1;
				ONLY_ACTIVE_ARCH = YES;
				SDKROOT = iphoneos;
				TARGETED_DEVICE_FAMILY = "1,2";
			};
			name = Debug;
		};
		4E3E33001978D608009D0E88 /* Release */ = {
			isa = XCBuildConfiguration;
			buildSettings = {
				ALWAYS_SEARCH_USER_PATHS = NO;
				CLANG_CXX_LANGUAGE_STANDARD = "gnu++0x";
				CLANG_CXX_LIBRARY = "libc++";
				CLANG_ENABLE_MODULES = YES;
				CLANG_ENABLE_OBJC_ARC = YES;
				CLANG_WARN_BOOL_CONVERSION = YES;
				CLANG_WARN_CONSTANT_CONVERSION = YES;
				CLANG_WARN_DIRECT_OBJC_ISA_USAGE = YES_ERROR;
				CLANG_WARN_EMPTY_BODY = YES;
				CLANG_WARN_ENUM_CONVERSION = YES;
				CLANG_WARN_INT_CONVERSION = YES;
				CLANG_WARN_OBJC_ROOT_CLASS = YES_ERROR;
				CLANG_WARN__DUPLICATE_METHOD_MATCH = YES;
				"CODE_SIGN_IDENTITY[sdk=iphoneos*]" = "iPhone Developer";
				COPY_PHASE_STRIP = YES;
				ENABLE_NS_ASSERTIONS = NO;
				GCC_C_LANGUAGE_STANDARD = gnu99;
				GCC_WARN_64_TO_32_BIT_CONVERSION = YES;
				GCC_WARN_ABOUT_RETURN_TYPE = YES_ERROR;
				GCC_WARN_UNDECLARED_SELECTOR = YES;
				GCC_WARN_UNINITIALIZED_AUTOS = YES_AGGRESSIVE;
				GCC_WARN_UNUSED_FUNCTION = YES;
				GCC_WARN_UNUSED_VARIABLE = YES;
				IPHONEOS_DEPLOYMENT_TARGET = 7.1;
				SDKROOT = iphoneos;
				TARGETED_DEVICE_FAMILY = "1,2";
				VALIDATE_PRODUCT = YES;
			};
			name = Release;
		};
		4E3E33021978D608009D0E88 /* Debug */ = {
			isa = XCBuildConfiguration;
			buildSettings = {
				ASSETCATALOG_COMPILER_APPICON_NAME = AppIcon;
				ASSETCATALOG_COMPILER_LAUNCHIMAGE_NAME = LaunchImage;
				GCC_PRECOMPILE_PREFIX_HEADER = YES;
				GCC_PREFIX_HEADER = "KDJEmptySplitViewApp/KDJEmptySplitViewApp-Prefix.pch";
				INFOPLIST_FILE = "KDJEmptySplitViewApp/KDJEmptySplitViewApp-Info.plist";
				PRODUCT_NAME = "$(TARGET_NAME)";
				WRAPPER_EXTENSION = app;
			};
			name = Debug;
		};
		4E3E33031978D608009D0E88 /* Release */ = {
			isa = XCBuildConfiguration;
			buildSettings = {
				ASSETCATALOG_COMPILER_APPICON_NAME = AppIcon;
				ASSETCATALOG_COMPILER_LAUNCHIMAGE_NAME = LaunchImage;
				GCC_PRECOMPILE_PREFIX_HEADER = YES;
				GCC_PREFIX_HEADER = "KDJEmptySplitViewApp/KDJEmptySplitViewApp-Prefix.pch";
				INFOPLIST_FILE = "KDJEmptySplitViewApp/KDJEmptySplitViewApp-Info.plist";
				PRODUCT_NAME = "$(TARGET_NAME)";
				WRAPPER_EXTENSION = app;
			};
			name = Release;
		};
		4E3E33051978D608009D0E88 /* Debug */ = {
			isa = XCBuildConfiguration;
			buildSettings = {
				BUNDLE_LOADER = "$(BUILT_PRODUCTS_DIR)/KDJEmptySplitViewApp.app/KDJEmptySplitViewApp";
				FRAMEWORK_SEARCH_PATHS = (
					"$(SDKROOT)/Developer/Library/Frameworks",
					"$(inherited)",
					"$(DEVELOPER_FRAMEWORKS_DIR)",
				);
				GCC_PRECOMPILE_PREFIX_HEADER = YES;
				GCC_PREFIX_HEADER = "KDJEmptySplitViewApp/KDJEmptySplitViewApp-Prefix.pch";
				GCC_PREPROCESSOR_DEFINITIONS = (
					"DEBUG=1",
					"$(inherited)",
				);
				INFOPLIST_FILE = "KDJEmptySplitViewAppTests/KDJEmptySplitViewAppTests-Info.plist";
				PRODUCT_NAME = "$(TARGET_NAME)";
				TEST_HOST = "$(BUNDLE_LOADER)";
				WRAPPER_EXTENSION = xctest;
			};
			name = Debug;
		};
		4E3E33061978D608009D0E88 /* Release */ = {
			isa = XCBuildConfiguration;
			buildSettings = {
				BUNDLE_LOADER = "$(BUILT_PRODUCTS_DIR)/KDJEmptySplitViewApp.app/KDJEmptySplitViewApp";
				FRAMEWORK_SEARCH_PATHS = (
					"$(SDKROOT)/Developer/Library/Frameworks",
					"$(inherited)",
					"$(DEVELOPER_FRAMEWORKS_DIR)",
				);
				GCC_PRECOMPILE_PREFIX_HEADER = YES;
				GCC_PREFIX_HEADER = "KDJEmptySplitViewApp/KDJEmptySplitViewApp-Prefix.pch";
				INFOPLIST_FILE = "KDJEmptySplitViewAppTests/KDJEmptySplitViewAppTests-Info.plist";
				PRODUCT_NAME = "$(TARGET_NAME)";
				TEST_HOST = "$(BUNDLE_LOADER)";
				WRAPPER_EXTENSION = xctest;
			};
			name = Release;
		};
/* End XCBuildConfiguration section */

/* Begin XCConfigurationList section */
		4E3E32C41978D607009D0E88 /* Build configuration list for PBXProject "KDJEmptySplitViewApp" */ = {
			isa = XCConfigurationList;
			buildConfigurations = (
				4E3E32FF1978D608009D0E88 /* Debug */,
				4E3E33001978D608009D0E88 /* Release */,
			);
			defaultConfigurationIsVisible = 0;
			defaultConfigurationName = Release;
		};
		4E3E33011978D608009D0E88 /* Build configuration list for PBXNativeTarget "KDJEmptySplitViewApp" */ = {
			isa = XCConfigurationList;
			buildConfigurations = (
				4E3E33021978D608009D0E88 /* Debug */,
				4E3E33031978D608009D0E88 /* Release */,
			);
			defaultConfigurationIsVisible = 0;
		};
		4E3E33041978D608009D0E88 /* Build configuration list for PBXNativeTarget "KDJEmptySplitViewAppTests" */ = {
			isa = XCConfigurationList;
			buildConfigurations = (
				4E3E33051978D608009D0E88 /* Debug */,
				4E3E33061978D608009D0E88 /* Release */,
			);
			defaultConfigurationIsVisible = 0;
		};
/* End XCConfigurationList section */
	};
	rootObject = 4E3E32C11978D607009D0E88 /* Project object */;
}
